// !$*UTF8*$!
{
	archiveVersion = 1;
	classes = {
	};
	objectVersion = 50;
	objects = {

/* Begin PBXBuildFile section */
		D681AEAD26D2613C00040B1D /* AppDelegate.swift in Sources */ = {isa = PBXBuildFile; fileRef = D681AEAC26D2613C00040B1D /* AppDelegate.swift */; };
		D681AEAF26D2613C00040B1D /* SceneDelegate.swift in Sources */ = {isa = PBXBuildFile; fileRef = D681AEAE26D2613C00040B1D /* SceneDelegate.swift */; };
		D681AEB126D2613C00040B1D /* ViewController.swift in Sources */ = {isa = PBXBuildFile; fileRef = D681AEB026D2613C00040B1D /* ViewController.swift */; };
		D681AEB426D2613C00040B1D /* Main.storyboard in Resources */ = {isa = PBXBuildFile; fileRef = D681AEB226D2613C00040B1D /* Main.storyboard */; };
		D681AEB726D2613C00040B1D /* Reminder.xcdatamodeld in Sources */ = {isa = PBXBuildFile; fileRef = D681AEB526D2613C00040B1D /* Reminder.xcdatamodeld */; };
		D681AEB926D2613E00040B1D /* Assets.xcassets in Resources */ = {isa = PBXBuildFile; fileRef = D681AEB826D2613E00040B1D /* Assets.xcassets */; };
		D681AEBC26D2613E00040B1D /* LaunchScreen.storyboard in Resources */ = {isa = PBXBuildFile; fileRef = D681AEBA26D2613E00040B1D /* LaunchScreen.storyboard */; };
		D681AEC726D2613F00040B1D /* ReminderTests.swift in Sources */ = {isa = PBXBuildFile; fileRef = D681AEC626D2613F00040B1D /* ReminderTests.swift */; };
		D681AED226D2613F00040B1D /* ReminderUITests.swift in Sources */ = {isa = PBXBuildFile; fileRef = D681AED126D2613F00040B1D /* ReminderUITests.swift */; };
/* End PBXBuildFile section */

/* Begin PBXContainerItemProxy section */
		D681AEC326D2613E00040B1D /* PBXContainerItemProxy */ = {
			isa = PBXContainerItemProxy;
			containerPortal = D681AEA126D2613C00040B1D /* Project object */;
			proxyType = 1;
			remoteGlobalIDString = D681AEA826D2613C00040B1D;
			remoteInfo = Reminder;
		};
		D681AECE26D2613F00040B1D /* PBXContainerItemProxy */ = {
			isa = PBXContainerItemProxy;
			containerPortal = D681AEA126D2613C00040B1D /* Project object */;
			proxyType = 1;
			remoteGlobalIDString = D681AEA826D2613C00040B1D;
			remoteInfo = Reminder;
		};
/* End PBXContainerItemProxy section */

/* Begin PBXFileReference section */
		D681AEA926D2613C00040B1D /* Reminder.app */ = {isa = PBXFileReference; explicitFileType = wrapper.application; includeInIndex = 0; path = Reminder.app; sourceTree = BUILT_PRODUCTS_DIR; };
		D681AEAC26D2613C00040B1D /* AppDelegate.swift */ = {isa = PBXFileReference; lastKnownFileType = sourcecode.swift; path = AppDelegate.swift; sourceTree = "<group>"; };
		D681AEAE26D2613C00040B1D /* SceneDelegate.swift */ = {isa = PBXFileReference; lastKnownFileType = sourcecode.swift; path = SceneDelegate.swift; sourceTree = "<group>"; };
		D681AEB026D2613C00040B1D /* ViewController.swift */ = {isa = PBXFileReference; lastKnownFileType = sourcecode.swift; path = ViewController.swift; sourceTree = "<group>"; };
		D681AEB326D2613C00040B1D /* Base */ = {isa = PBXFileReference; lastKnownFileType = file.storyboard; name = Base; path = Base.lproj/Main.storyboard; sourceTree = "<group>"; };
		D681AEB626D2613C00040B1D /* Reminder.xcdatamodel */ = {isa = PBXFileReference; lastKnownFileType = wrapper.xcdatamodel; path = Reminder.xcdatamodel; sourceTree = "<group>"; };
		D681AEB826D2613E00040B1D /* Assets.xcassets */ = {isa = PBXFileReference; lastKnownFileType = folder.assetcatalog; path = Assets.xcassets; sourceTree = "<group>"; };
		D681AEBB26D2613E00040B1D /* Base */ = {isa = PBXFileReference; lastKnownFileType = file.storyboard; name = Base; path = Base.lproj/LaunchScreen.storyboard; sourceTree = "<group>"; };
		D681AEBD26D2613E00040B1D /* Info.plist */ = {isa = PBXFileReference; lastKnownFileType = text.plist.xml; path = Info.plist; sourceTree = "<group>"; };
		D681AEC226D2613E00040B1D /* ReminderTests.xctest */ = {isa = PBXFileReference; explicitFileType = wrapper.cfbundle; includeInIndex = 0; path = ReminderTests.xctest; sourceTree = BUILT_PRODUCTS_DIR; };
		D681AEC626D2613F00040B1D /* ReminderTests.swift */ = {isa = PBXFileReference; lastKnownFileType = sourcecode.swift; path = ReminderTests.swift; sourceTree = "<group>"; };
		D681AEC826D2613F00040B1D /* Info.plist */ = {isa = PBXFileReference; lastKnownFileType = text.plist.xml; path = Info.plist; sourceTree = "<group>"; };
		D681AECD26D2613F00040B1D /* ReminderUITests.xctest */ = {isa = PBXFileReference; explicitFileType = wrapper.cfbundle; includeInIndex = 0; path = ReminderUITests.xctest; sourceTree = BUILT_PRODUCTS_DIR; };
		D681AED126D2613F00040B1D /* ReminderUITests.swift */ = {isa = PBXFileReference; lastKnownFileType = sourcecode.swift; path = ReminderUITests.swift; sourceTree = "<group>"; };
		D681AED326D2613F00040B1D /* Info.plist */ = {isa = PBXFileReference; lastKnownFileType = text.plist.xml; path = Info.plist; sourceTree = "<group>"; };
/* End PBXFileReference section */

/* Begin PBXFrameworksBuildPhase section */
		D681AEA626D2613C00040B1D /* Frameworks */ = {
			isa = PBXFrameworksBuildPhase;
			buildActionMask = 2147483647;
			files = (
			);
			runOnlyForDeploymentPostprocessing = 0;
		};
		D681AEBF26D2613E00040B1D /* Frameworks */ = {
			isa = PBXFrameworksBuildPhase;
			buildActionMask = 2147483647;
			files = (
			);
			runOnlyForDeploymentPostprocessing = 0;
		};
		D681AECA26D2613F00040B1D /* Frameworks */ = {
			isa = PBXFrameworksBuildPhase;
			buildActionMask = 2147483647;
			files = (
			);
			runOnlyForDeploymentPostprocessing = 0;
		};
/* End PBXFrameworksBuildPhase section */

/* Begin PBXGroup section */
		D681AEA026D2613C00040B1D = {
			isa = PBXGroup;
			children = (
				D681AEAB26D2613C00040B1D /* Reminder */,
				D681AEC526D2613F00040B1D /* ReminderTests */,
				D681AED026D2613F00040B1D /* ReminderUITests */,
				D681AEAA26D2613C00040B1D /* Products */,
			);
			sourceTree = "<group>";
		};
		D681AEAA26D2613C00040B1D /* Products */ = {
			isa = PBXGroup;
			children = (
				D681AEA926D2613C00040B1D /* Reminder.app */,
				D681AEC226D2613E00040B1D /* ReminderTests.xctest */,
				D681AECD26D2613F00040B1D /* ReminderUITests.xctest */,
			);
			name = Products;
			sourceTree = "<group>";
		};
		D681AEAB26D2613C00040B1D /* Reminder */ = {
			isa = PBXGroup;
			children = (
				D681AEAC26D2613C00040B1D /* AppDelegate.swift */,
				D681AEAE26D2613C00040B1D /* SceneDelegate.swift */,
				D681AEB026D2613C00040B1D /* ViewController.swift */,
				D681AEB226D2613C00040B1D /* Main.storyboard */,
				D681AEB826D2613E00040B1D /* Assets.xcassets */,
				D681AEBA26D2613E00040B1D /* LaunchScreen.storyboard */,
				D681AEBD26D2613E00040B1D /* Info.plist */,
				D681AEB526D2613C00040B1D /* Reminder.xcdatamodeld */,
			);
			path = Reminder;
			sourceTree = "<group>";
		};
		D681AEC526D2613F00040B1D /* ReminderTests */ = {
			isa = PBXGroup;
			children = (
				D681AEC626D2613F00040B1D /* ReminderTests.swift */,
				D681AEC826D2613F00040B1D /* Info.plist */,
			);
			path = ReminderTests;
			sourceTree = "<group>";
		};
		D681AED026D2613F00040B1D /* ReminderUITests */ = {
			isa = PBXGroup;
			children = (
				D681AED126D2613F00040B1D /* ReminderUITests.swift */,
				D681AED326D2613F00040B1D /* Info.plist */,
			);
			path = ReminderUITests;
			sourceTree = "<group>";
		};
/* End PBXGroup section */

/* Begin PBXNativeTarget section */
		D681AEA826D2613C00040B1D /* Reminder */ = {
			isa = PBXNativeTarget;
			buildConfigurationList = D681AED626D2613F00040B1D /* Build configuration list for PBXNativeTarget "Reminder" */;
			buildPhases = (
				D681AEA526D2613C00040B1D /* Sources */,
				D681AEA626D2613C00040B1D /* Frameworks */,
				D681AEA726D2613C00040B1D /* Resources */,
			);
			buildRules = (
			);
			dependencies = (
			);
			name = Reminder;
			productName = Reminder;
			productReference = D681AEA926D2613C00040B1D /* Reminder.app */;
			productType = "com.apple.product-type.application";
		};
		D681AEC126D2613E00040B1D /* ReminderTests */ = {
			isa = PBXNativeTarget;
			buildConfigurationList = D681AED926D2613F00040B1D /* Build configuration list for PBXNativeTarget "ReminderTests" */;
			buildPhases = (
				D681AEBE26D2613E00040B1D /* Sources */,
				D681AEBF26D2613E00040B1D /* Frameworks */,
				D681AEC026D2613E00040B1D /* Resources */,
			);
			buildRules = (
			);
			dependencies = (
				D681AEC426D2613E00040B1D /* PBXTargetDependency */,
			);
			name = ReminderTests;
			productName = ReminderTests;
			productReference = D681AEC226D2613E00040B1D /* ReminderTests.xctest */;
			productType = "com.apple.product-type.bundle.unit-test";
		};
		D681AECC26D2613F00040B1D /* ReminderUITests */ = {
			isa = PBXNativeTarget;
			buildConfigurationList = D681AEDC26D2613F00040B1D /* Build configuration list for PBXNativeTarget "ReminderUITests" */;
			buildPhases = (
				D681AEC926D2613F00040B1D /* Sources */,
				D681AECA26D2613F00040B1D /* Frameworks */,
				D681AECB26D2613F00040B1D /* Resources */,
			);
			buildRules = (
			);
			dependencies = (
				D681AECF26D2613F00040B1D /* PBXTargetDependency */,
			);
			name = ReminderUITests;
			productName = ReminderUITests;
			productReference = D681AECD26D2613F00040B1D /* ReminderUITests.xctest */;
			productType = "com.apple.product-type.bundle.ui-testing";
		};
/* End PBXNativeTarget section */

/* Begin PBXProject section */
		D681AEA126D2613C00040B1D /* Project object */ = {
			isa = PBXProject;
			attributes = {
				LastSwiftUpdateCheck = 1250;
				LastUpgradeCheck = 1250;
				TargetAttributes = {
					D681AEA826D2613C00040B1D = {
						CreatedOnToolsVersion = 12.5.1;
					};
					D681AEC126D2613E00040B1D = {
						CreatedOnToolsVersion = 12.5.1;
						TestTargetID = D681AEA826D2613C00040B1D;
					};
					D681AECC26D2613F00040B1D = {
						CreatedOnToolsVersion = 12.5.1;
						TestTargetID = D681AEA826D2613C00040B1D;
					};
				};
			};
			buildConfigurationList = D681AEA426D2613C00040B1D /* Build configuration list for PBXProject "Reminder" */;
			compatibilityVersion = "Xcode 9.3";
			developmentRegion = en;
			hasScannedForEncodings = 0;
			knownRegions = (
				en,
				Base,
			);
			mainGroup = D681AEA026D2613C00040B1D;
			productRefGroup = D681AEAA26D2613C00040B1D /* Products */;
			projectDirPath = "";
			projectRoot = "";
			targets = (
				D681AEA826D2613C00040B1D /* Reminder */,
				D681AEC126D2613E00040B1D /* ReminderTests */,
				D681AECC26D2613F00040B1D /* ReminderUITests */,
			);
		};
/* End PBXProject section */

/* Begin PBXResourcesBuildPhase section */
		D681AEA726D2613C00040B1D /* Resources */ = {
			isa = PBXResourcesBuildPhase;
			buildActionMask = 2147483647;
			files = (
				D681AEBC26D2613E00040B1D /* LaunchScreen.storyboard in Resources */,
				D681AEB926D2613E00040B1D /* Assets.xcassets in Resources */,
				D681AEB426D2613C00040B1D /* Main.storyboard in Resources */,
			);
			runOnlyForDeploymentPostprocessing = 0;
		};
		D681AEC026D2613E00040B1D /* Resources */ = {
			isa = PBXResourcesBuildPhase;
			buildActionMask = 2147483647;
			files = (
			);
			runOnlyForDeploymentPostprocessing = 0;
		};
		D681AECB26D2613F00040B1D /* Resources */ = {
			isa = PBXResourcesBuildPhase;
			buildActionMask = 2147483647;
			files = (
			);
			runOnlyForDeploymentPostprocessing = 0;
		};
/* End PBXResourcesBuildPhase section */

/* Begin PBXSourcesBuildPhase section */
		D681AEA526D2613C00040B1D /* Sources */ = {
			isa = PBXSourcesBuildPhase;
			buildActionMask = 2147483647;
			files = (
				D681AEB126D2613C00040B1D /* ViewController.swift in Sources */,
				D681AEAD26D2613C00040B1D /* AppDelegate.swift in Sources */,
				D681AEAF26D2613C00040B1D /* SceneDelegate.swift in Sources */,
				D681AEB726D2613C00040B1D /* Reminder.xcdatamodeld in Sources */,
			);
			runOnlyForDeploymentPostprocessing = 0;
		};
		D681AEBE26D2613E00040B1D /* Sources */ = {
			isa = PBXSourcesBuildPhase;
			buildActionMask = 2147483647;
			files = (
				D681AEC726D2613F00040B1D /* ReminderTests.swift in Sources */,
			);
			runOnlyForDeploymentPostprocessing = 0;
		};
		D681AEC926D2613F00040B1D /* Sources */ = {
			isa = PBXSourcesBuildPhase;
			buildActionMask = 2147483647;
			files = (
				D681AED226D2613F00040B1D /* ReminderUITests.swift in Sources */,
			);
			runOnlyForDeploymentPostprocessing = 0;
		};
/* End PBXSourcesBuildPhase section */

/* Begin PBXTargetDependency section */
		D681AEC426D2613E00040B1D /* PBXTargetDependency */ = {
			isa = PBXTargetDependency;
			target = D681AEA826D2613C00040B1D /* Reminder */;
			targetProxy = D681AEC326D2613E00040B1D /* PBXContainerItemProxy */;
		};
		D681AECF26D2613F00040B1D /* PBXTargetDependency */ = {
			isa = PBXTargetDependency;
			target = D681AEA826D2613C00040B1D /* Reminder */;
			targetProxy = D681AECE26D2613F00040B1D /* PBXContainerItemProxy */;
		};
/* End PBXTargetDependency section */

/* Begin PBXVariantGroup section */
		D681AEB226D2613C00040B1D /* Main.storyboard */ = {
			isa = PBXVariantGroup;
			children = (
				D681AEB326D2613C00040B1D /* Base */,
			);
			name = Main.storyboard;
			sourceTree = "<group>";
		};
		D681AEBA26D2613E00040B1D /* LaunchScreen.storyboard */ = {
			isa = PBXVariantGroup;
			children = (
				D681AEBB26D2613E00040B1D /* Base */,
			);
			name = LaunchScreen.storyboard;
			sourceTree = "<group>";
		};
/* End PBXVariantGroup section */

/* Begin XCBuildConfiguration section */
		D681AED426D2613F00040B1D /* Debug */ = {
			isa = XCBuildConfiguration;
			buildSettings = {
				ALWAYS_SEARCH_USER_PATHS = NO;
				CLANG_ANALYZER_NONNULL = YES;
				CLANG_ANALYZER_NUMBER_OBJECT_CONVERSION = YES_AGGRESSIVE;
				CLANG_CXX_LANGUAGE_STANDARD = "gnu++14";
				CLANG_CXX_LIBRARY = "libc++";
				CLANG_ENABLE_MODULES = YES;
				CLANG_ENABLE_OBJC_ARC = YES;
				CLANG_ENABLE_OBJC_WEAK = YES;
				CLANG_WARN_BLOCK_CAPTURE_AUTORELEASING = YES;
				CLANG_WARN_BOOL_CONVERSION = YES;
				CLANG_WARN_COMMA = YES;
				CLANG_WARN_CONSTANT_CONVERSION = YES;
				CLANG_WARN_DEPRECATED_OBJC_IMPLEMENTATIONS = YES;
				CLANG_WARN_DIRECT_OBJC_ISA_USAGE = YES_ERROR;
				CLANG_WARN_DOCUMENTATION_COMMENTS = YES;
				CLANG_WARN_EMPTY_BODY = YES;
				CLANG_WARN_ENUM_CONVERSION = YES;
				CLANG_WARN_INFINITE_RECURSION = YES;
				CLANG_WARN_INT_CONVERSION = YES;
				CLANG_WARN_NON_LITERAL_NULL_CONVERSION = YES;
				CLANG_WARN_OBJC_IMPLICIT_RETAIN_SELF = YES;
				CLANG_WARN_OBJC_LITERAL_CONVERSION = YES;
				CLANG_WARN_OBJC_ROOT_CLASS = YES_ERROR;
				CLANG_WARN_QUOTED_INCLUDE_IN_FRAMEWORK_HEADER = YES;
				CLANG_WARN_RANGE_LOOP_ANALYSIS = YES;
				CLANG_WARN_STRICT_PROTOTYPES = YES;
				CLANG_WARN_SUSPICIOUS_MOVE = YES;
				CLANG_WARN_UNGUARDED_AVAILABILITY = YES_AGGRESSIVE;
				CLANG_WARN_UNREACHABLE_CODE = YES;
				CLANG_WARN__DUPLICATE_METHOD_MATCH = YES;
				COPY_PHASE_STRIP = NO;
				DEBUG_INFORMATION_FORMAT = dwarf;
				ENABLE_STRICT_OBJC_MSGSEND = YES;
				ENABLE_TESTABILITY = YES;
				GCC_C_LANGUAGE_STANDARD = gnu11;
				GCC_DYNAMIC_NO_PIC = NO;
				GCC_NO_COMMON_BLOCKS = YES;
				GCC_OPTIMIZATION_LEVEL = 0;
				GCC_PREPROCESSOR_DEFINITIONS = (
					"DEBUG=1",
					"$(inherited)",
				);
				GCC_WARN_64_TO_32_BIT_CONVERSION = YES;
				GCC_WARN_ABOUT_RETURN_TYPE = YES_ERROR;
				GCC_WARN_UNDECLARED_SELECTOR = YES;
				GCC_WARN_UNINITIALIZED_AUTOS = YES_AGGRESSIVE;
				GCC_WARN_UNUSED_FUNCTION = YES;
				GCC_WARN_UNUSED_VARIABLE = YES;
				IPHONEOS_DEPLOYMENT_TARGET = 14.5;
				MTL_ENABLE_DEBUG_INFO = INCLUDE_SOURCE;
				MTL_FAST_MATH = YES;
				ONLY_ACTIVE_ARCH = YES;
				SDKROOT = iphoneos;
				SWIFT_ACTIVE_COMPILATION_CONDITIONS = DEBUG;
				SWIFT_OPTIMIZATION_LEVEL = "-Onone";
			};
			name = Debug;
		};
		D681AED526D2613F00040B1D /* Release */ = {
			isa = XCBuildConfiguration;
			buildSettings = {
				ALWAYS_SEARCH_USER_PATHS = NO;
				CLANG_ANALYZER_NONNULL = YES;
				CLANG_ANALYZER_NUMBER_OBJECT_CONVERSION = YES_AGGRESSIVE;
				CLANG_CXX_LANGUAGE_STANDARD = "gnu++14";
				CLANG_CXX_LIBRARY = "libc++";
				CLANG_ENABLE_MODULES = YES;
				CLANG_ENABLE_OBJC_ARC = YES;
				CLANG_ENABLE_OBJC_WEAK = YES;
				CLANG_WARN_BLOCK_CAPTURE_AUTORELEASING = YES;
				CLANG_WARN_BOOL_CONVERSION = YES;
				CLANG_WARN_COMMA = YES;
				CLANG_WARN_CONSTANT_CONVERSION = YES;
				CLANG_WARN_DEPRECATED_OBJC_IMPLEMENTATIONS = YES;
				CLANG_WARN_DIRECT_OBJC_ISA_USAGE = YES_ERROR;
				CLANG_WARN_DOCUMENTATION_COMMENTS = YES;
				CLANG_WARN_EMPTY_BODY = YES;
				CLANG_WARN_ENUM_CONVERSION = YES;
				CLANG_WARN_INFINITE_RECURSION = YES;
				CLANG_WARN_INT_CONVERSION = YES;
				CLANG_WARN_NON_LITERAL_NULL_CONVERSION = YES;
				CLANG_WARN_OBJC_IMPLICIT_RETAIN_SELF = YES;
				CLANG_WARN_OBJC_LITERAL_CONVERSION = YES;
				CLANG_WARN_OBJC_ROOT_CLASS = YES_ERROR;
				CLANG_WARN_QUOTED_INCLUDE_IN_FRAMEWORK_HEADER = YES;
				CLANG_WARN_RANGE_LOOP_ANALYSIS = YES;
				CLANG_WARN_STRICT_PROTOTYPES = YES;
				CLANG_WARN_SUSPICIOUS_MOVE = YES;
				CLANG_WARN_UNGUARDED_AVAILABILITY = YES_AGGRESSIVE;
				CLANG_WARN_UNREACHABLE_CODE = YES;
				CLANG_WARN__DUPLICATE_METHOD_MATCH = YES;
				COPY_PHASE_STRIP = NO;
				DEBUG_INFORMATION_FORMAT = "dwarf-with-dsym";
				ENABLE_NS_ASSERTIONS = NO;
				ENABLE_STRICT_OBJC_MSGSEND = YES;
				GCC_C_LANGUAGE_STANDARD = gnu11;
				GCC_NO_COMMON_BLOCKS = YES;
				GCC_WARN_64_TO_32_BIT_CONVERSION = YES;
				GCC_WARN_ABOUT_RETURN_TYPE = YES_ERROR;
				GCC_WARN_UNDECLARED_SELECTOR = YES;
				GCC_WARN_UNINITIALIZED_AUTOS = YES_AGGRESSIVE;
				GCC_WARN_UNUSED_FUNCTION = YES;
				GCC_WARN_UNUSED_VARIABLE = YES;
				IPHONEOS_DEPLOYMENT_TARGET = 14.5;
				MTL_ENABLE_DEBUG_INFO = NO;
				MTL_FAST_MATH = YES;
				SDKROOT = iphoneos;
				SWIFT_COMPILATION_MODE = wholemodule;
				SWIFT_OPTIMIZATION_LEVEL = "-O";
				VALIDATE_PRODUCT = YES;
			};
			name = Release;
		};
		D681AED726D2613F00040B1D /* Debug */ = {
			isa = XCBuildConfiguration;
			buildSettings = {
				ASSETCATALOG_COMPILER_APPICON_NAME = AppIcon;
				ASSETCATALOG_COMPILER_GLOBAL_ACCENT_COLOR_NAME = AccentColor;
				CODE_SIGN_STYLE = Automatic;
				INFOPLIST_FILE = Reminder/Info.plist;
				LD_RUNPATH_SEARCH_PATHS = (
					"$(inherited)",
					"@executable_path/Frameworks",
				);
				PRODUCT_BUNDLE_IDENTIFIER = test.Reminder;
				PRODUCT_NAME = "$(TARGET_NAME)";
				SWIFT_VERSION = 5.0;
				TARGETED_DEVICE_FAMILY = "1,2";
			};
			name = Debug;
		};
		D681AED826D2613F00040B1D /* Release */ = {
			isa = XCBuildConfiguration;
			buildSettings = {
				ASSETCATALOG_COMPILER_APPICON_NAME = AppIcon;
				ASSETCATALOG_COMPILER_GLOBAL_ACCENT_COLOR_NAME = AccentColor;
				CODE_SIGN_STYLE = Automatic;
				INFOPLIST_FILE = Reminder/Info.plist;
				LD_RUNPATH_SEARCH_PATHS = (
					"$(inherited)",
					"@executable_path/Frameworks",
				);
				PRODUCT_BUNDLE_IDENTIFIER = test.Reminder;
				PRODUCT_NAME = "$(TARGET_NAME)";
				SWIFT_VERSION = 5.0;
				TARGETED_DEVICE_FAMILY = "1,2";
			};
			name = Release;
		};
		D681AEDA26D2613F00040B1D /* Debug */ = {
			isa = XCBuildConfiguration;
			buildSettings = {
				ALWAYS_EMBED_SWIFT_STANDARD_LIBRARIES = YES;
				BUNDLE_LOADER = "$(TEST_HOST)";
				CODE_SIGN_STYLE = Automatic;
				INFOPLIST_FILE = ReminderTests/Info.plist;
				IPHONEOS_DEPLOYMENT_TARGET = 14.5;
				LD_RUNPATH_SEARCH_PATHS = (
					"$(inherited)",
					"@executable_path/Frameworks",
					"@loader_path/Frameworks",
				);
				PRODUCT_BUNDLE_IDENTIFIER = test.ReminderTests;
				PRODUCT_NAME = "$(TARGET_NAME)";
				SWIFT_VERSION = 5.0;
				TARGETED_DEVICE_FAMILY = "1,2";
				TEST_HOST = "$(BUILT_PRODUCTS_DIR)/Reminder.app/Reminder";
			};
			name = Debug;
		};
		D681AEDB26D2613F00040B1D /* Release */ = {
			isa = XCBuildConfiguration;
			buildSettings = {
				ALWAYS_EMBED_SWIFT_STANDARD_LIBRARIES = YES;
				BUNDLE_LOADER = "$(TEST_HOST)";
				CODE_SIGN_STYLE = Automatic;
				INFOPLIST_FILE = ReminderTests/Info.plist;
				IPHONEOS_DEPLOYMENT_TARGET = 14.5;
				LD_RUNPATH_SEARCH_PATHS = (
					"$(inherited)",
					"@executable_path/Frameworks",
					"@loader_path/Frameworks",
				);
				PRODUCT_BUNDLE_IDENTIFIER = test.ReminderTests;
				PRODUCT_NAME = "$(TARGET_NAME)";
				SWIFT_VERSION = 5.0;
				TARGETED_DEVICE_FAMILY = "1,2";
				TEST_HOST = "$(BUILT_PRODUCTS_DIR)/Reminder.app/Reminder";
			};
			name = Release;
		};
		D681AEDD26D2613F00040B1D /* Debug */ = {
			isa = XCBuildConfiguration;
			buildSettings = {
				ALWAYS_EMBED_SWIFT_STANDARD_LIBRARIES = YES;
				CODE_SIGN_STYLE = Automatic;
				INFOPLIST_FILE = ReminderUITests/Info.plist;
				LD_RUNPATH_SEARCH_PATHS = (
					"$(inherited)",
					"@executable_path/Frameworks",
					"@loader_path/Frameworks",
				);
				PRODUCT_BUNDLE_IDENTIFIER = test.ReminderUITests;
				PRODUCT_NAME = "$(TARGET_NAME)";
				SWIFT_VERSION = 5.0;
				TARGETED_DEVICE_FAMILY = "1,2";
				TEST_TARGET_NAME = Reminder;
			};
			name = Debug;
		};
		D681AEDE26D2613F00040B1D /* Release */ = {
			isa = XCBuildConfiguration;
			buildSettings = {
				ALWAYS_EMBED_SWIFT_STANDARD_LIBRARIES = YES;
				CODE_SIGN_STYLE = Automatic;
				INFOPLIST_FILE = ReminderUITests/Info.plist;
				LD_RUNPATH_SEARCH_PATHS = (
					"$(inherited)",
					"@executable_path/Frameworks",
					"@loader_path/Frameworks",
				);
				PRODUCT_BUNDLE_IDENTIFIER = test.ReminderUITests;
				PRODUCT_NAME = "$(TARGET_NAME)";
				SWIFT_VERSION = 5.0;
				TARGETED_DEVICE_FAMILY = "1,2";
				TEST_TARGET_NAME = Reminder;
			};
			name = Release;
		};
/* End XCBuildConfiguration section */

/* Begin XCConfigurationList section */
		D681AEA426D2613C00040B1D /* Build configuration list for PBXProject "Reminder" */ = {
			isa = XCConfigurationList;
			buildConfigurations = (
				D681AED426D2613F00040B1D /* Debug */,
				D681AED526D2613F00040B1D /* Release */,
			);
			defaultConfigurationIsVisible = 0;
			defaultConfigurationName = Release;
		};
		D681AED626D2613F00040B1D /* Build configuration list for PBXNativeTarget "Reminder" */ = {
			isa = XCConfigurationList;
			buildConfigurations = (
				D681AED726D2613F00040B1D /* Debug */,
				D681AED826D2613F00040B1D /* Release */,
			);
			defaultConfigurationIsVisible = 0;
			defaultConfigurationName = Release;
		};
		D681AED926D2613F00040B1D /* Build configuration list for PBXNativeTarget "ReminderTests" */ = {
			isa = XCConfigurationList;
			buildConfigurations = (
				D681AEDA26D2613F00040B1D /* Debug */,
				D681AEDB26D2613F00040B1D /* Release */,
			);
			defaultConfigurationIsVisible = 0;
			defaultConfigurationName = Release;
		};
		D681AEDC26D2613F00040B1D /* Build configuration list for PBXNativeTarget "ReminderUITests" */ = {
			isa = XCConfigurationList;
			buildConfigurations = (
				D681AEDD26D2613F00040B1D /* Debug */,
				D681AEDE26D2613F00040B1D /* Release */,
			);
			defaultConfigurationIsVisible = 0;
			defaultConfigurationName = Release;
		};
/* End XCConfigurationList section */

/* Begin XCVersionGroup section */
		D681AEB526D2613C00040B1D /* Reminder.xcdatamodeld */ = {
			isa = XCVersionGroup;
			children = (
				D681AEB626D2613C00040B1D /* Reminder.xcdatamodel */,
			);
			currentVersion = D681AEB626D2613C00040B1D /* Reminder.xcdatamodel */;
			path = Reminder.xcdatamodeld;
			sourceTree = "<group>";
			versionGroupType = wrapper.xcdatamodel;
		};
/* End XCVersionGroup section */
	};
	rootObject = D681AEA126D2613C00040B1D /* Project object */;
}
